
Microsoft Visual Studio Solution File, Format Version 12.00
# Visual Studio Version 17
VisualStudioVersion = 17.8.34525.116
MinimumVisualStudioVersion = 10.0.40219.1
Project("{FAE04EC0-301F-11D3-BF4B-00C04F79EFBC}") = "MovieApi", "MovieApi\MovieApi.csproj", "{C36CB239-7557-4224-918A-834F04C7BB1C}"
EndProject
Global
	GlobalSection(SolutionConfigurationPlatforms) = preSolution
		Debug|Any CPU = Debug|Any CPU
		Release|Any CPU = Release|Any CPU
	EndGlobalSection
	GlobalSection(ProjectConfigurationPlatforms) = postSolution
		{C36CB239-7557-4224-918A-834F04C7BB1C}.Debug|Any CPU.ActiveCfg = Debug|Any CPU
		{C36CB239-7557-4224-918A-834F04C7BB1C}.Debug|Any CPU.Build.0 = Debug|Any CPU
		{C36CB239-7557-4224-918A-834F04C7BB1C}.Release|Any CPU.ActiveCfg = Release|Any CPU
		{C36CB239-7557-4224-918A-834F04C7BB1C}.Release|Any CPU.Build.0 = Release|Any CPU
	EndGlobalSection
	GlobalSection(SolutionProperties) = preSolution
		HideSolutionNode = FALSE
	EndGlobalSection
	GlobalSection(ExtensibilityGlobals) = postSolution
		SolutionGuid = {46E3F121-1477-44D4-93B9-F2B8577D496B}
	EndGlobalSection
EndGlobal
